{
  "name": "mobile",
  "version": "0.0.1",
  "lockfileVersion": 1,
  "requires": true,
  "dependencies": {
    "@ionic-native/core": {
      "version": "5.2.0",
      "resolved": "https://registry.npmjs.org/@ionic-native/core/-/core-5.2.0.tgz",
      "integrity": "sha512-bVvYZsNTckoRW61QioGHTfp2v0FJcaJ7WhlnMrGgOj/ejBvSMPpfj1K/pws0TCUFnerWyLbSXgfGGYGoicLEOw==",
      "requires": {
        "@types/cordova": "^0.0.34"
      }
    },
    "@ionic-native/splash-screen": {
      "version": "5.2.0",
      "resolved": "https://registry.npmjs.org/@ionic-native/splash-screen/-/splash-screen-5.2.0.tgz",
      "integrity": "sha512-Nqykf2Fzj1mxENI6LSj1IplHiUIJzsiP13HhNWqceqAlQF2S8yI8KAKPGT6JRWtjSB1hlUR8VywhiFnX298jaw==",
      "requires": {
        "@types/cordova": "^0.0.34"
      }
    },
    "@ionic-native/status-bar": {
      "version": "5.2.0",
      "resolved": "https://registry.npmjs.org/@ionic-native/status-bar/-/status-bar-5.2.0.tgz",
      "integrity": "sha512-kvCE1gh6nuXvvSv07sDmbknF5G/f09dTE27jvBPBe51OxyNcFNhHidqoRo2ZoNbMN0/Obb9KqrUiRevSQbOcUA==",
      "requires": {
        "@types/cordova": "^0.0.34"
      }
    },
    "@ionic/angular": {
      "version": "4.1.1",
      "resolved": "https://registry.npmjs.org/@ionic/angular/-/angular-4.1.1.tgz",
      "integrity": "sha512-5Z7/52vCzP+wcJoUfqOWBHcjeajXWGoz6AW/sOeF/RtXqkFDc7rqrpfxZCuL6FanFm/Aayh5F7O8t5/ZgeZGqA==",
      "requires": {
        "@ionic/core": "4.1.1",
        "tslib": "^1.9.3"
      }
    },
    "@ionic/core": {
      "version": "4.1.1",
      "resolved": "https://registry.npmjs.org/@ionic/core/-/core-4.1.1.tgz",
      "integrity": "sha512-zmfRZ8PcVPRRx4HAUjB7VFHu5fyRaVdUy4vikkoIs4sbGvWPIbveweWn36oiSc6/sKMz+OsDB6+Suvdi1k7FVw==",
      "requires": {
        "ionicons": "4.5.5"
      }
    },
    "@types/cordova": {
      "version": "0.0.34",
      "resolved": "https://registry.npmjs.org/@types/cordova/-/cordova-0.0.34.tgz",
      "integrity": "sha1-6nrd907Ow9dimCegw54smt3HPQQ="
    },
    "cordova-plugin-device": {
      "version": "2.0.2",
      "resolved": "https://registry.npmjs.org/cordova-plugin-device/-/cordova-plugin-device-2.0.2.tgz",
      "integrity": "sha1-/Ajzci5n7ve2xnv8mag99q3Quro="
    },
    "cordova-plugin-ionic-keyboard": {
      "version": "2.1.3",
      "resolved": "https://registry.npmjs.org/cordova-plugin-ionic-keyboard/-/cordova-plugin-ionic-keyboard-2.1.3.tgz",
      "integrity": "sha512-6ucQ6FdlLdBm8kJfFnzozmBTjru/0xekHP/dAhjoCZggkGRlgs8TsUJFkxa/bV+qi7Dlo50JjmpE4UMWAO+aOQ=="
    },
    "cordova-plugin-ionic-webview": {
      "version": "4.0.0",
      "resolved": "https://registry.npmjs.org/cordova-plugin-ionic-webview/-/cordova-plugin-ionic-webview-4.0.0.tgz",
      "integrity": "sha512-4CNDDXS9PZ+j38ZpzFqC6Ua5GySr/McXTPnWdRfhFSbuFCL6B/xhIHUVoeoj48wo6Sh+gDURvbaH9uu1Z53TJA=="
    },
    "cordova-plugin-splashscreen": {
      "version": "5.0.2",
      "resolved": "https://registry.npmjs.org/cordova-plugin-splashscreen/-/cordova-plugin-splashscreen-5.0.2.tgz",
      "integrity": "sha1-dH509W4gHNWFvGLRS8oZ9oZ/8e0="
    },
    "cordova-plugin-whitelist": {
      "version": "1.3.3",
      "resolved": "https://registry.npmjs.org/cordova-plugin-whitelist/-/cordova-plugin-whitelist-1.3.3.tgz",
      "integrity": "sha1-tehezbv+Wu3tQKG/TuI3LmfZb7Q="
    },
    "ionicons": {
      "version": "4.5.5",
      "resolved": "https://registry.npmjs.org/ionicons/-/ionicons-4.5.5.tgz",
      "integrity": "sha512-dIGI73XG6Fg2Ps77ry5Ywe36Pq7wUGkDkl0pBhC4uhsiyoW+oXe+pplmarXEnKEcB5fmlkRrBOxYYzZaoRiUGw=="
    },
    "tslib": {
      "version": "1.9.3",
      "resolved": "https://registry.npmjs.org/tslib/-/tslib-1.9.3.tgz",
      "integrity": "sha512-4krF8scpejhaOgqzBEcGM7yDIEfi0/8+8zDRZhNZZ2kjmHJ4hv3zCbQWxoJGz1iw5U0Jl0nma13xzHXcncMavQ=="
    }
  }
}
